
Microsoft Visual Studio Solution File, Format Version 12.00
# Visual Studio 15
VisualStudioVersion = 15.0.26430.16
MinimumVisualStudioVersion = 10.0.40219.1
Project("{FAE04EC0-301F-11D3-BF4B-00C04F79EFBC}") = "ConsoleApp17", "ConsoleApp17\ConsoleApp17.csproj", "{26E61818-C0DD-406E-9D37-563D46D6848D}"
EndProject
Global
	GlobalSection(SolutionConfigurationPlatforms) = preSolution
		Debug|Any CPU = Debug|Any CPU
		Release|Any CPU = Release|Any CPU
	EndGlobalSection
	GlobalSection(ProjectConfigurationPlatforms) = postSolution
		{26E61818-C0DD-406E-9D37-563D46D6848D}.Debug|Any CPU.ActiveCfg = Debug|Any CPU
		{26E61818-C0DD-406E-9D37-563D46D6848D}.Debug|Any CPU.Build.0 = Debug|Any CPU
		{26E61818-C0DD-406E-9D37-563D46D6848D}.Release|Any CPU.ActiveCfg = Release|Any CPU
		{26E61818-C0DD-406E-9D37-563D46D6848D}.Release|Any CPU.Build.0 = Release|Any CPU
	EndGlobalSection
	GlobalSection(SolutionProperties) = preSolution
		HideSolutionNode = FALSE
	EndGlobalSection
EndGlobal
